
Microsoft Visual Studio Solution File, Format Version 12.00
# Visual Studio Version 16
VisualStudioVersion = 16.0.29613.14
MinimumVisualStudioVersion = 10.0.40219.1
Project("{FAE04EC0-301F-11D3-BF4B-00C04F79EFBC}") = "ControlAcceso", "ControlAcceso\ControlAcceso.csproj", "{393CBE38-B139-4180-A20B-287B456BA6DD}"
EndProject
Project("{D954291E-2A0B-460D-934E-DC6B0785DB48}") = "SharedCode", "SharedCode\SharedCode.shproj", "{CF8E2878-4481-4757-9959-1D2468050DCF}"
EndProject
Global
	GlobalSection(SharedMSBuildProjectFiles) = preSolution
		SharedCode\SharedCode.projitems*{393cbe38-b139-4180-a20b-287b456ba6dd}*SharedItemsImports = 4
		SharedCode\SharedCode.projitems*{cf8e2878-4481-4757-9959-1d2468050dcf}*SharedItemsImports = 13
	EndGlobalSection
	GlobalSection(SolutionConfigurationPlatforms) = preSolution
		Debug|Any CPU = Debug|Any CPU
		Release|Any CPU = Release|Any CPU
	EndGlobalSection
	GlobalSection(ProjectConfigurationPlatforms) = postSolution
		{393CBE38-B139-4180-A20B-287B456BA6DD}.Debug|Any CPU.ActiveCfg = Debug|Any CPU
		{393CBE38-B139-4180-A20B-287B456BA6DD}.Debug|Any CPU.Build.0 = Debug|Any CPU
		{393CBE38-B139-4180-A20B-287B456BA6DD}.Release|Any CPU.ActiveCfg = Release|Any CPU
		{393CBE38-B139-4180-A20B-287B456BA6DD}.Release|Any CPU.Build.0 = Release|Any CPU
	EndGlobalSection
	GlobalSection(SolutionProperties) = preSolution
		HideSolutionNode = FALSE
	EndGlobalSection
	GlobalSection(ExtensibilityGlobals) = postSolution
		SolutionGuid = {A031715B-7A51-47F7-B125-B5C8D88B2A38}
	EndGlobalSection
EndGlobal
